{
  "object": {
    "pins": [
      {
        "package": "SnapshotTesting",
        "repositoryURL": "https://github.com/pointfreeco/swift-snapshot-testing.git",
        "state": {
          "branch": null,
          "revision": "2fd91357e90efe82bfa6845d1e7d5bc2f5025d35",
          "version": "1.8.1"
        }
      },
      {
        "package": "CardStack",
        "repositoryURL": "https://github.com/dadalar/SwiftUI-CardStackView.git",
        "state": {
          "branch": null,
          "revision": "4dde918d635c61c751cc59413ed12de611cb05b4",
          "version": "0.1.0"
        }
      }
    ]
  },
  "version": 1
}
